// !$*UTF8*$!
{
	archiveVersion = 1;
	classes = {
	};
	objectVersion = 56;
	objects = {

/* Begin PBXBuildFile section */
		E0D63C872A9A1F3900590346 /* AppDelegate.swift in Sources */ = {isa = PBXBuildFile; fileRef = E0D63C862A9A1F3900590346 /* AppDelegate.swift */; };
		E0D63C892A9A1F3900590346 /* SceneDelegate.swift in Sources */ = {isa = PBXBuildFile; fileRef = E0D63C882A9A1F3900590346 /* SceneDelegate.swift */; };
		E0D63C8B2A9A1F3900590346 /* ViewController.swift in Sources */ = {isa = PBXBuildFile; fileRef = E0D63C8A2A9A1F3900590346 /* ViewController.swift */; };
		E0D63C8E2A9A1F3900590346 /* Main.storyboard in Resources */ = {isa = PBXBuildFile; fileRef = E0D63C8C2A9A1F3900590346 /* Main.storyboard */; };
		E0D63C902A9A1F3A00590346 /* Assets.xcassets in Resources */ = {isa = PBXBuildFile; fileRef = E0D63C8F2A9A1F3A00590346 /* Assets.xcassets */; };
		E0D63C932A9A1F3A00590346 /* LaunchScreen.storyboard in Resources */ = {isa = PBXBuildFile; fileRef = E0D63C912A9A1F3A00590346 /* LaunchScreen.storyboard */; };
		E0D63C9E2A9A1F3A00590346 /* CounterTests.swift in Sources */ = {isa = PBXBuildFile; fileRef = E0D63C9D2A9A1F3A00590346 /* CounterTests.swift */; };
		E0D63CA82A9A1F3A00590346 /* CounterUITests.swift in Sources */ = {isa = PBXBuildFile; fileRef = E0D63CA72A9A1F3A00590346 /* CounterUITests.swift */; };
		E0D63CAA2A9A1F3A00590346 /* CounterUITestsLaunchTests.swift in Sources */ = {isa = PBXBuildFile; fileRef = E0D63CA92A9A1F3A00590346 /* CounterUITestsLaunchTests.swift */; };
/* End PBXBuildFile section */

/* Begin PBXContainerItemProxy section */
		E0D63C9A2A9A1F3A00590346 /* PBXContainerItemProxy */ = {
			isa = PBXContainerItemProxy;
			containerPortal = E0D63C7B2A9A1F3900590346 /* Project object */;
			proxyType = 1;
			remoteGlobalIDString = E0D63C822A9A1F3900590346;
			remoteInfo = Counter;
		};
		E0D63CA42A9A1F3A00590346 /* PBXContainerItemProxy */ = {
			isa = PBXContainerItemProxy;
			containerPortal = E0D63C7B2A9A1F3900590346 /* Project object */;
			proxyType = 1;
			remoteGlobalIDString = E0D63C822A9A1F3900590346;
			remoteInfo = Counter;
		};
/* End PBXContainerItemProxy section */

/* Begin PBXFileReference section */
		E0D63C832A9A1F3900590346 /* Counter.app */ = {isa = PBXFileReference; explicitFileType = wrapper.application; includeInIndex = 0; path = Counter.app; sourceTree = BUILT_PRODUCTS_DIR; };
		E0D63C862A9A1F3900590346 /* AppDelegate.swift */ = {isa = PBXFileReference; lastKnownFileType = sourcecode.swift; path = AppDelegate.swift; sourceTree = "<group>"; };
		E0D63C882A9A1F3900590346 /* SceneDelegate.swift */ = {isa = PBXFileReference; lastKnownFileType = sourcecode.swift; path = SceneDelegate.swift; sourceTree = "<group>"; };
		E0D63C8A2A9A1F3900590346 /* ViewController.swift */ = {isa = PBXFileReference; lastKnownFileType = sourcecode.swift; path = ViewController.swift; sourceTree = "<group>"; };
		E0D63C8D2A9A1F3900590346 /* Base */ = {isa = PBXFileReference; lastKnownFileType = file.storyboard; name = Base; path = Base.lproj/Main.storyboard; sourceTree = "<group>"; };
		E0D63C8F2A9A1F3A00590346 /* Assets.xcassets */ = {isa = PBXFileReference; lastKnownFileType = folder.assetcatalog; path = Assets.xcassets; sourceTree = "<group>"; };
		E0D63C922A9A1F3A00590346 /* Base */ = {isa = PBXFileReference; lastKnownFileType = file.storyboard; name = Base; path = Base.lproj/LaunchScreen.storyboard; sourceTree = "<group>"; };
		E0D63C942A9A1F3A00590346 /* Info.plist */ = {isa = PBXFileReference; lastKnownFileType = text.plist.xml; path = Info.plist; sourceTree = "<group>"; };
		E0D63C992A9A1F3A00590346 /* CounterTests.xctest */ = {isa = PBXFileReference; explicitFileType = wrapper.cfbundle; includeInIndex = 0; path = CounterTests.xctest; sourceTree = BUILT_PRODUCTS_DIR; };
		E0D63C9D2A9A1F3A00590346 /* CounterTests.swift */ = {isa = PBXFileReference; lastKnownFileType = sourcecode.swift; path = CounterTests.swift; sourceTree = "<group>"; };
		E0D63CA32A9A1F3A00590346 /* CounterUITests.xctest */ = {isa = PBXFileReference; explicitFileType = wrapper.cfbundle; includeInIndex = 0; path = CounterUITests.xctest; sourceTree = BUILT_PRODUCTS_DIR; };
		E0D63CA72A9A1F3A00590346 /* CounterUITests.swift */ = {isa = PBXFileReference; lastKnownFileType = sourcecode.swift; path = CounterUITests.swift; sourceTree = "<group>"; };
		E0D63CA92A9A1F3A00590346 /* CounterUITestsLaunchTests.swift */ = {isa = PBXFileReference; lastKnownFileType = sourcecode.swift; path = CounterUITestsLaunchTests.swift; sourceTree = "<group>"; };
/* End PBXFileReference section */

/* Begin PBXFrameworksBuildPhase section */
		E0D63C802A9A1F3900590346 /* Frameworks */ = {
			isa = PBXFrameworksBuildPhase;
			buildActionMask = 2147483647;
			files = (
			);
			runOnlyForDeploymentPostprocessing = 0;
		};
		E0D63C962A9A1F3A00590346 /* Frameworks */ = {
			isa = PBXFrameworksBuildPhase;
			buildActionMask = 2147483647;
			files = (
			);
			runOnlyForDeploymentPostprocessing = 0;
		};
		E0D63CA02A9A1F3A00590346 /* Frameworks */ = {
			isa = PBXFrameworksBuildPhase;
			buildActionMask = 2147483647;
			files = (
			);
			runOnlyForDeploymentPostprocessing = 0;
		};
/* End PBXFrameworksBuildPhase section */

/* Begin PBXGroup section */
		E0D63C7A2A9A1F3900590346 = {
			isa = PBXGroup;
			children = (
				E0D63C852A9A1F3900590346 /* Counter */,
				E0D63C9C2A9A1F3A00590346 /* CounterTests */,
				E0D63CA62A9A1F3A00590346 /* CounterUITests */,
				E0D63C842A9A1F3900590346 /* Products */,
			);
			sourceTree = "<group>";
		};
		E0D63C842A9A1F3900590346 /* Products */ = {
			isa = PBXGroup;
			children = (
				E0D63C832A9A1F3900590346 /* Counter.app */,
				E0D63C992A9A1F3A00590346 /* CounterTests.xctest */,
				E0D63CA32A9A1F3A00590346 /* CounterUITests.xctest */,
			);
			name = Products;
			sourceTree = "<group>";
		};
		E0D63C852A9A1F3900590346 /* Counter */ = {
			isa = PBXGroup;
			children = (
				E0D63C862A9A1F3900590346 /* AppDelegate.swift */,
				E0D63C882A9A1F3900590346 /* SceneDelegate.swift */,
				E0D63C8A2A9A1F3900590346 /* ViewController.swift */,
				E0D63C8C2A9A1F3900590346 /* Main.storyboard */,
				E0D63C8F2A9A1F3A00590346 /* Assets.xcassets */,
				E0D63C912A9A1F3A00590346 /* LaunchScreen.storyboard */,
				E0D63C942A9A1F3A00590346 /* Info.plist */,
			);
			path = Counter;
			sourceTree = "<group>";
		};
		E0D63C9C2A9A1F3A00590346 /* CounterTests */ = {
			isa = PBXGroup;
			children = (
				E0D63C9D2A9A1F3A00590346 /* CounterTests.swift */,
			);
			path = CounterTests;
			sourceTree = "<group>";
		};
		E0D63CA62A9A1F3A00590346 /* CounterUITests */ = {
			isa = PBXGroup;
			children = (
				E0D63CA72A9A1F3A00590346 /* CounterUITests.swift */,
				E0D63CA92A9A1F3A00590346 /* CounterUITestsLaunchTests.swift */,
			);
			path = CounterUITests;
			sourceTree = "<group>";
		};
/* End PBXGroup section */

/* Begin PBXNativeTarget section */
		E0D63C822A9A1F3900590346 /* Counter */ = {
			isa = PBXNativeTarget;
			buildConfigurationList = E0D63CAD2A9A1F3A00590346 /* Build configuration list for PBXNativeTarget "Counter" */;
			buildPhases = (
				E0D63C7F2A9A1F3900590346 /* Sources */,
				E0D63C802A9A1F3900590346 /* Frameworks */,
				E0D63C812A9A1F3900590346 /* Resources */,
			);
			buildRules = (
			);
			dependencies = (
			);
			name = Counter;
			productName = Counter;
			productReference = E0D63C832A9A1F3900590346 /* Counter.app */;
			productType = "com.apple.product-type.application";
		};
		E0D63C982A9A1F3A00590346 /* CounterTests */ = {
			isa = PBXNativeTarget;
			buildConfigurationList = E0D63CB02A9A1F3A00590346 /* Build configuration list for PBXNativeTarget "CounterTests" */;
			buildPhases = (
				E0D63C952A9A1F3A00590346 /* Sources */,
				E0D63C962A9A1F3A00590346 /* Frameworks */,
				E0D63C972A9A1F3A00590346 /* Resources */,
			);
			buildRules = (
			);
			dependencies = (
				E0D63C9B2A9A1F3A00590346 /* PBXTargetDependency */,
			);
			name = CounterTests;
			productName = CounterTests;
			productReference = E0D63C992A9A1F3A00590346 /* CounterTests.xctest */;
			productType = "com.apple.product-type.bundle.unit-test";
		};
		E0D63CA22A9A1F3A00590346 /* CounterUITests */ = {
			isa = PBXNativeTarget;
			buildConfigurationList = E0D63CB32A9A1F3A00590346 /* Build configuration list for PBXNativeTarget "CounterUITests" */;
			buildPhases = (
				E0D63C9F2A9A1F3A00590346 /* Sources */,
				E0D63CA02A9A1F3A00590346 /* Frameworks */,
				E0D63CA12A9A1F3A00590346 /* Resources */,
			);
			buildRules = (
			);
			dependencies = (
				E0D63CA52A9A1F3A00590346 /* PBXTargetDependency */,
			);
			name = CounterUITests;
			productName = CounterUITests;
			productReference = E0D63CA32A9A1F3A00590346 /* CounterUITests.xctest */;
			productType = "com.apple.product-type.bundle.ui-testing";
		};
/* End PBXNativeTarget section */

/* Begin PBXProject section */
		E0D63C7B2A9A1F3900590346 /* Project object */ = {
			isa = PBXProject;
			attributes = {
				BuildIndependentTargetsInParallel = 1;
				LastSwiftUpdateCheck = 1430;
				LastUpgradeCheck = 1430;
				TargetAttributes = {
					E0D63C822A9A1F3900590346 = {
						CreatedOnToolsVersion = 14.3.1;
					};
					E0D63C982A9A1F3A00590346 = {
						CreatedOnToolsVersion = 14.3.1;
						TestTargetID = E0D63C822A9A1F3900590346;
					};
					E0D63CA22A9A1F3A00590346 = {
						CreatedOnToolsVersion = 14.3.1;
						TestTargetID = E0D63C822A9A1F3900590346;
					};
				};
			};
			buildConfigurationList = E0D63C7E2A9A1F3900590346 /* Build configuration list for PBXProject "Counter" */;
			compatibilityVersion = "Xcode 14.0";
			developmentRegion = en;
			hasScannedForEncodings = 0;
			knownRegions = (
				en,
				Base,
			);
			mainGroup = E0D63C7A2A9A1F3900590346;
			productRefGroup = E0D63C842A9A1F3900590346 /* Products */;
			projectDirPath = "";
			projectRoot = "";
			targets = (
				E0D63C822A9A1F3900590346 /* Counter */,
				E0D63C982A9A1F3A00590346 /* CounterTests */,
				E0D63CA22A9A1F3A00590346 /* CounterUITests */,
			);
		};
/* End PBXProject section */

/* Begin PBXResourcesBuildPhase section */
		E0D63C812A9A1F3900590346 /* Resources */ = {
			isa = PBXResourcesBuildPhase;
			buildActionMask = 2147483647;
			files = (
				E0D63C932A9A1F3A00590346 /* LaunchScreen.storyboard in Resources */,
				E0D63C902A9A1F3A00590346 /* Assets.xcassets in Resources */,
				E0D63C8E2A9A1F3900590346 /* Main.storyboard in Resources */,
			);
			runOnlyForDeploymentPostprocessing = 0;
		};
		E0D63C972A9A1F3A00590346 /* Resources */ = {
			isa = PBXResourcesBuildPhase;
			buildActionMask = 2147483647;
			files = (
			);
			runOnlyForDeploymentPostprocessing = 0;
		};
		E0D63CA12A9A1F3A00590346 /* Resources */ = {
			isa = PBXResourcesBuildPhase;
			buildActionMask = 2147483647;
			files = (
			);
			runOnlyForDeploymentPostprocessing = 0;
		};
/* End PBXResourcesBuildPhase section */

/* Begin PBXSourcesBuildPhase section */
		E0D63C7F2A9A1F3900590346 /* Sources */ = {
			isa = PBXSourcesBuildPhase;
			buildActionMask = 2147483647;
			files = (
				E0D63C8B2A9A1F3900590346 /* ViewController.swift in Sources */,
				E0D63C872A9A1F3900590346 /* AppDelegate.swift in Sources */,
				E0D63C892A9A1F3900590346 /* SceneDelegate.swift in Sources */,
			);
			runOnlyForDeploymentPostprocessing = 0;
		};
		E0D63C952A9A1F3A00590346 /* Sources */ = {
			isa = PBXSourcesBuildPhase;
			buildActionMask = 2147483647;
			files = (
				E0D63C9E2A9A1F3A00590346 /* CounterTests.swift in Sources */,
			);
			runOnlyForDeploymentPostprocessing = 0;
		};
		E0D63C9F2A9A1F3A00590346 /* Sources */ = {
			isa = PBXSourcesBuildPhase;
			buildActionMask = 2147483647;
			files = (
				E0D63CA82A9A1F3A00590346 /* CounterUITests.swift in Sources */,
				E0D63CAA2A9A1F3A00590346 /* CounterUITestsLaunchTests.swift in Sources */,
			);
			runOnlyForDeploymentPostprocessing = 0;
		};
/* End PBXSourcesBuildPhase section */

/* Begin PBXTargetDependency section */
		E0D63C9B2A9A1F3A00590346 /* PBXTargetDependency */ = {
			isa = PBXTargetDependency;
			target = E0D63C822A9A1F3900590346 /* Counter */;
			targetProxy = E0D63C9A2A9A1F3A00590346 /* PBXContainerItemProxy */;
		};
		E0D63CA52A9A1F3A00590346 /* PBXTargetDependency */ = {
			isa = PBXTargetDependency;
			target = E0D63C822A9A1F3900590346 /* Counter */;
			targetProxy = E0D63CA42A9A1F3A00590346 /* PBXContainerItemProxy */;
		};
/* End PBXTargetDependency section */

/* Begin PBXVariantGroup section */
		E0D63C8C2A9A1F3900590346 /* Main.storyboard */ = {
			isa = PBXVariantGroup;
			children = (
				E0D63C8D2A9A1F3900590346 /* Base */,
			);
			name = Main.storyboard;
			sourceTree = "<group>";
		};
		E0D63C912A9A1F3A00590346 /* LaunchScreen.storyboard */ = {
			isa = PBXVariantGroup;
			children = (
				E0D63C922A9A1F3A00590346 /* Base */,
			);
			name = LaunchScreen.storyboard;
			sourceTree = "<group>";
		};
/* End PBXVariantGroup section */

/* Begin XCBuildConfiguration section */
		E0D63CAB2A9A1F3A00590346 /* Debug */ = {
			isa = XCBuildConfiguration;
			buildSettings = {
				ALWAYS_SEARCH_USER_PATHS = NO;
				CLANG_ANALYZER_NONNULL = YES;
				CLANG_ANALYZER_NUMBER_OBJECT_CONVERSION = YES_AGGRESSIVE;
				CLANG_CXX_LANGUAGE_STANDARD = "gnu++20";
				CLANG_ENABLE_MODULES = YES;
				CLANG_ENABLE_OBJC_ARC = YES;
				CLANG_ENABLE_OBJC_WEAK = YES;
				CLANG_WARN_BLOCK_CAPTURE_AUTORELEASING = YES;
				CLANG_WARN_BOOL_CONVERSION = YES;
				CLANG_WARN_COMMA = YES;
				CLANG_WARN_CONSTANT_CONVERSION = YES;
				CLANG_WARN_DEPRECATED_OBJC_IMPLEMENTATIONS = YES;
				CLANG_WARN_DIRECT_OBJC_ISA_USAGE = YES_ERROR;
				CLANG_WARN_DOCUMENTATION_COMMENTS = YES;
				CLANG_WARN_EMPTY_BODY = YES;
				CLANG_WARN_ENUM_CONVERSION = YES;
				CLANG_WARN_INFINITE_RECURSION = YES;
				CLANG_WARN_INT_CONVERSION = YES;
				CLANG_WARN_NON_LITERAL_NULL_CONVERSION = YES;
				CLANG_WARN_OBJC_IMPLICIT_RETAIN_SELF = YES;
				CLANG_WARN_OBJC_LITERAL_CONVERSION = YES;
				CLANG_WARN_OBJC_ROOT_CLASS = YES_ERROR;
				CLANG_WARN_QUOTED_INCLUDE_IN_FRAMEWORK_HEADER = YES;
				CLANG_WARN_RANGE_LOOP_ANALYSIS = YES;
				CLANG_WARN_STRICT_PROTOTYPES = YES;
				CLANG_WARN_SUSPICIOUS_MOVE = YES;
				CLANG_WARN_UNGUARDED_AVAILABILITY = YES_AGGRESSIVE;
				CLANG_WARN_UNREACHABLE_CODE = YES;
				CLANG_WARN__DUPLICATE_METHOD_MATCH = YES;
				COPY_PHASE_STRIP = NO;
				DEBUG_INFORMATION_FORMAT = dwarf;
				ENABLE_STRICT_OBJC_MSGSEND = YES;
				ENABLE_TESTABILITY = YES;
				GCC_C_LANGUAGE_STANDARD = gnu11;
				GCC_DYNAMIC_NO_PIC = NO;
				GCC_NO_COMMON_BLOCKS = YES;
				GCC_OPTIMIZATION_LEVEL = 0;
				GCC_PREPROCESSOR_DEFINITIONS = (
					"DEBUG=1",
					"$(inherited)",
				);
				GCC_WARN_64_TO_32_BIT_CONVERSION = YES;
				GCC_WARN_ABOUT_RETURN_TYPE = YES_ERROR;
				GCC_WARN_UNDECLARED_SELECTOR = YES;
				GCC_WARN_UNINITIALIZED_AUTOS = YES_AGGRESSIVE;
				GCC_WARN_UNUSED_FUNCTION = YES;
				GCC_WARN_UNUSED_VARIABLE = YES;
				IPHONEOS_DEPLOYMENT_TARGET = 16.4;
				MTL_ENABLE_DEBUG_INFO = INCLUDE_SOURCE;
				MTL_FAST_MATH = YES;
				ONLY_ACTIVE_ARCH = YES;
				SDKROOT = iphoneos;
				SWIFT_ACTIVE_COMPILATION_CONDITIONS = DEBUG;
				SWIFT_OPTIMIZATION_LEVEL = "-Onone";
			};
			name = Debug;
		};
		E0D63CAC2A9A1F3A00590346 /* Release */ = {
			isa = XCBuildConfiguration;
			buildSettings = {
				ALWAYS_SEARCH_USER_PATHS = NO;
				CLANG_ANALYZER_NONNULL = YES;
				CLANG_ANALYZER_NUMBER_OBJECT_CONVERSION = YES_AGGRESSIVE;
				CLANG_CXX_LANGUAGE_STANDARD = "gnu++20";
				CLANG_ENABLE_MODULES = YES;
				CLANG_ENABLE_OBJC_ARC = YES;
				CLANG_ENABLE_OBJC_WEAK = YES;
				CLANG_WARN_BLOCK_CAPTURE_AUTORELEASING = YES;
				CLANG_WARN_BOOL_CONVERSION = YES;
				CLANG_WARN_COMMA = YES;
				CLANG_WARN_CONSTANT_CONVERSION = YES;
				CLANG_WARN_DEPRECATED_OBJC_IMPLEMENTATIONS = YES;
				CLANG_WARN_DIRECT_OBJC_ISA_USAGE = YES_ERROR;
				CLANG_WARN_DOCUMENTATION_COMMENTS = YES;
				CLANG_WARN_EMPTY_BODY = YES;
				CLANG_WARN_ENUM_CONVERSION = YES;
				CLANG_WARN_INFINITE_RECURSION = YES;
				CLANG_WARN_INT_CONVERSION = YES;
				CLANG_WARN_NON_LITERAL_NULL_CONVERSION = YES;
				CLANG_WARN_OBJC_IMPLICIT_RETAIN_SELF = YES;
				CLANG_WARN_OBJC_LITERAL_CONVERSION = YES;
				CLANG_WARN_OBJC_ROOT_CLASS = YES_ERROR;
				CLANG_WARN_QUOTED_INCLUDE_IN_FRAMEWORK_HEADER = YES;
				CLANG_WARN_RANGE_LOOP_ANALYSIS = YES;
				CLANG_WARN_STRICT_PROTOTYPES = YES;
				CLANG_WARN_SUSPICIOUS_MOVE = YES;
				CLANG_WARN_UNGUARDED_AVAILABILITY = YES_AGGRESSIVE;
				CLANG_WARN_UNREACHABLE_CODE = YES;
				CLANG_WARN__DUPLICATE_METHOD_MATCH = YES;
				COPY_PHASE_STRIP = NO;
				DEBUG_INFORMATION_FORMAT = "dwarf-with-dsym";
				ENABLE_NS_ASSERTIONS = NO;
				ENABLE_STRICT_OBJC_MSGSEND = YES;
				GCC_C_LANGUAGE_STANDARD = gnu11;
				GCC_NO_COMMON_BLOCKS = YES;
				GCC_WARN_64_TO_32_BIT_CONVERSION = YES;
				GCC_WARN_ABOUT_RETURN_TYPE = YES_ERROR;
				GCC_WARN_UNDECLARED_SELECTOR = YES;
				GCC_WARN_UNINITIALIZED_AUTOS = YES_AGGRESSIVE;
				GCC_WARN_UNUSED_FUNCTION = YES;
				GCC_WARN_UNUSED_VARIABLE = YES;
				IPHONEOS_DEPLOYMENT_TARGET = 16.4;
				MTL_ENABLE_DEBUG_INFO = NO;
				MTL_FAST_MATH = YES;
				SDKROOT = iphoneos;
				SWIFT_COMPILATION_MODE = wholemodule;
				SWIFT_OPTIMIZATION_LEVEL = "-O";
				VALIDATE_PRODUCT = YES;
			};
			name = Release;
		};
		E0D63CAE2A9A1F3A00590346 /* Debug */ = {
			isa = XCBuildConfiguration;
			buildSettings = {
				ASSETCATALOG_COMPILER_APPICON_NAME = AppIcon;
				ASSETCATALOG_COMPILER_GLOBAL_ACCENT_COLOR_NAME = AccentColor;
				CODE_SIGN_STYLE = Automatic;
				CURRENT_PROJECT_VERSION = 1;
				DEVELOPMENT_TEAM = 2N7Z6PLRZ9;
				GENERATE_INFOPLIST_FILE = YES;
				INFOPLIST_FILE = Counter/Info.plist;
				INFOPLIST_KEY_UIApplicationSupportsIndirectInputEvents = YES;
				INFOPLIST_KEY_UILaunchStoryboardName = LaunchScreen;
				INFOPLIST_KEY_UIMainStoryboardFile = Main;
				INFOPLIST_KEY_UISupportedInterfaceOrientations_iPad = "UIInterfaceOrientationPortrait UIInterfaceOrientationPortraitUpsideDown UIInterfaceOrientationLandscapeLeft UIInterfaceOrientationLandscapeRight";
				INFOPLIST_KEY_UISupportedInterfaceOrientations_iPhone = "UIInterfaceOrientationPortrait UIInterfaceOrientationLandscapeLeft UIInterfaceOrientationLandscapeRight";
				LD_RUNPATH_SEARCH_PATHS = (
					"$(inherited)",
					"@executable_path/Frameworks",
				);
				MARKETING_VERSION = 1.0;
				PRODUCT_BUNDLE_IDENTIFIER = StanislavShut.Counter;
				PRODUCT_NAME = "$(TARGET_NAME)";
				SWIFT_EMIT_LOC_STRINGS = YES;
				SWIFT_VERSION = 5.0;
				TARGETED_DEVICE_FAMILY = "1,2";
			};
			name = Debug;
		};
		E0D63CAF2A9A1F3A00590346 /* Release */ = {
			isa = XCBuildConfiguration;
			buildSettings = {
				ASSETCATALOG_COMPILER_APPICON_NAME = AppIcon;
				ASSETCATALOG_COMPILER_GLOBAL_ACCENT_COLOR_NAME = AccentColor;
				CODE_SIGN_STYLE = Automatic;
				CURRENT_PROJECT_VERSION = 1;
				DEVELOPMENT_TEAM = 2N7Z6PLRZ9;
				GENERATE_INFOPLIST_FILE = YES;
				INFOPLIST_FILE = Counter/Info.plist;
				INFOPLIST_KEY_UIApplicationSupportsIndirectInputEvents = YES;
				INFOPLIST_KEY_UILaunchStoryboardName = LaunchScreen;
				INFOPLIST_KEY_UIMainStoryboardFile = Main;
				INFOPLIST_KEY_UISupportedInterfaceOrientations_iPad = "UIInterfaceOrientationPortrait UIInterfaceOrientationPortraitUpsideDown UIInterfaceOrientationLandscapeLeft UIInterfaceOrientationLandscapeRight";
				INFOPLIST_KEY_UISupportedInterfaceOrientations_iPhone = "UIInterfaceOrientationPortrait UIInterfaceOrientationLandscapeLeft UIInterfaceOrientationLandscapeRight";
				LD_RUNPATH_SEARCH_PATHS = (
					"$(inherited)",
					"@executable_path/Frameworks",
				);
				MARKETING_VERSION = 1.0;
				PRODUCT_BUNDLE_IDENTIFIER = StanislavShut.Counter;
				PRODUCT_NAME = "$(TARGET_NAME)";
				SWIFT_EMIT_LOC_STRINGS = YES;
				SWIFT_VERSION = 5.0;
				TARGETED_DEVICE_FAMILY = "1,2";
			};
			name = Release;
		};
		E0D63CB12A9A1F3A00590346 /* Debug */ = {
			isa = XCBuildConfiguration;
			buildSettings = {
				ALWAYS_EMBED_SWIFT_STANDARD_LIBRARIES = YES;
				BUNDLE_LOADER = "$(TEST_HOST)";
				CODE_SIGN_STYLE = Automatic;
				CURRENT_PROJECT_VERSION = 1;
				DEVELOPMENT_TEAM = 2N7Z6PLRZ9;
				GENERATE_INFOPLIST_FILE = YES;
				IPHONEOS_DEPLOYMENT_TARGET = 16.4;
				MARKETING_VERSION = 1.0;
				PRODUCT_BUNDLE_IDENTIFIER = StanislavShut.CounterTests;
				PRODUCT_NAME = "$(TARGET_NAME)";
				SWIFT_EMIT_LOC_STRINGS = NO;
				SWIFT_VERSION = 5.0;
				TARGETED_DEVICE_FAMILY = "1,2";
				TEST_HOST = "$(BUILT_PRODUCTS_DIR)/Counter.app/$(BUNDLE_EXECUTABLE_FOLDER_PATH)/Counter";
			};
			name = Debug;
		};
		E0D63CB22A9A1F3A00590346 /* Release */ = {
			isa = XCBuildConfiguration;
			buildSettings = {
				ALWAYS_EMBED_SWIFT_STANDARD_LIBRARIES = YES;
				BUNDLE_LOADER = "$(TEST_HOST)";
				CODE_SIGN_STYLE = Automatic;
				CURRENT_PROJECT_VERSION = 1;
				DEVELOPMENT_TEAM = 2N7Z6PLRZ9;
				GENERATE_INFOPLIST_FILE = YES;
				IPHONEOS_DEPLOYMENT_TARGET = 16.4;
				MARKETING_VERSION = 1.0;
				PRODUCT_BUNDLE_IDENTIFIER = StanislavShut.CounterTests;
				PRODUCT_NAME = "$(TARGET_NAME)";
				SWIFT_EMIT_LOC_STRINGS = NO;
				SWIFT_VERSION = 5.0;
				TARGETED_DEVICE_FAMILY = "1,2";
				TEST_HOST = "$(BUILT_PRODUCTS_DIR)/Counter.app/$(BUNDLE_EXECUTABLE_FOLDER_PATH)/Counter";
			};
			name = Release;
		};
		E0D63CB42A9A1F3A00590346 /* Debug */ = {
			isa = XCBuildConfiguration;
			buildSettings = {
				ALWAYS_EMBED_SWIFT_STANDARD_LIBRARIES = YES;
				CODE_SIGN_STYLE = Automatic;
				CURRENT_PROJECT_VERSION = 1;
				DEVELOPMENT_TEAM = 2N7Z6PLRZ9;
				GENERATE_INFOPLIST_FILE = YES;
				MARKETING_VERSION = 1.0;
				PRODUCT_BUNDLE_IDENTIFIER = StanislavShut.CounterUITests;
				PRODUCT_NAME = "$(TARGET_NAME)";
				SWIFT_EMIT_LOC_STRINGS = NO;
				SWIFT_VERSION = 5.0;
				TARGETED_DEVICE_FAMILY = "1,2";
				TEST_TARGET_NAME = Counter;
			};
			name = Debug;
		};
		E0D63CB52A9A1F3A00590346 /* Release */ = {
			isa = XCBuildConfiguration;
			buildSettings = {
				ALWAYS_EMBED_SWIFT_STANDARD_LIBRARIES = YES;
				CODE_SIGN_STYLE = Automatic;
				CURRENT_PROJECT_VERSION = 1;
				DEVELOPMENT_TEAM = 2N7Z6PLRZ9;
				GENERATE_INFOPLIST_FILE = YES;
				MARKETING_VERSION = 1.0;
				PRODUCT_BUNDLE_IDENTIFIER = StanislavShut.CounterUITests;
				PRODUCT_NAME = "$(TARGET_NAME)";
				SWIFT_EMIT_LOC_STRINGS = NO;
				SWIFT_VERSION = 5.0;
				TARGETED_DEVICE_FAMILY = "1,2";
				TEST_TARGET_NAME = Counter;
			};
			name = Release;
		};
/* End XCBuildConfiguration section */

/* Begin XCConfigurationList section */
		E0D63C7E2A9A1F3900590346 /* Build configuration list for PBXProject "Counter" */ = {
			isa = XCConfigurationList;
			buildConfigurations = (
				E0D63CAB2A9A1F3A00590346 /* Debug */,
				E0D63CAC2A9A1F3A00590346 /* Release */,
			);
			defaultConfigurationIsVisible = 0;
			defaultConfigurationName = Release;
		};
		E0D63CAD2A9A1F3A00590346 /* Build configuration list for PBXNativeTarget "Counter" */ = {
			isa = XCConfigurationList;
			buildConfigurations = (
				E0D63CAE2A9A1F3A00590346 /* Debug */,
				E0D63CAF2A9A1F3A00590346 /* Release */,
			);
			defaultConfigurationIsVisible = 0;
			defaultConfigurationName = Release;
		};
		E0D63CB02A9A1F3A00590346 /* Build configuration list for PBXNativeTarget "CounterTests" */ = {
			isa = XCConfigurationList;
			buildConfigurations = (
				E0D63CB12A9A1F3A00590346 /* Debug */,
				E0D63CB22A9A1F3A00590346 /* Release */,
			);
			defaultConfigurationIsVisible = 0;
			defaultConfigurationName = Release;
		};
		E0D63CB32A9A1F3A00590346 /* Build configuration list for PBXNativeTarget "CounterUITests" */ = {
			isa = XCConfigurationList;
			buildConfigurations = (
				E0D63CB42A9A1F3A00590346 /* Debug */,
				E0D63CB52A9A1F3A00590346 /* Release */,
			);
			defaultConfigurationIsVisible = 0;
			defaultConfigurationName = Release;
		};
/* End XCConfigurationList section */
	};
	rootObject = E0D63C7B2A9A1F3900590346 /* Project object */;
}
